
Microsoft Visual Studio Solution File, Format Version 12.00
# Visual Studio 2012
Project("{FAE04EC0-301F-11D3-BF4B-00C04F79EFBC}") = "CloudMedics.Domain", "src\CloudMedics.Entities\CloudMedics.Domain.csproj", "{A45BEA3F-412F-47C3-AD90-D6FEA876620F}"
EndProject
Project("{FAE04EC0-301F-11D3-BF4B-00C04F79EFBC}") = "CouldMedics.Services", "src\CouldMedics.Services\CouldMedics.Services.csproj", "{0AF45208-E02A-4437-9CB1-266C291266C1}"
EndProject
Project("{FAE04EC0-301F-11D3-BF4B-00C04F79EFBC}") = "CloudMedics.API", "src\CloudMedics.API\CloudMedics.API.csproj", "{6AAA8951-CDEC-4A11-B517-1C6ABAAFA799}"
EndProject
Project("{FAE04EC0-301F-11D3-BF4B-00C04F79EFBC}") = "CloudMedics.Data", "src\data\CloudMedics.Data\CloudMedics.Data.csproj", "{D0D8F370-B45F-4EAD-BE56-F03AA9F22BA9}"
EndProject
Project("{2150E333-8FDC-42A3-9474-1A3956D46DE8}") = "test", "test", "{91B1CA94-FFAB-43EC-9714-B4E740BEC25D}"
EndProject
Project("{FAE04EC0-301F-11D3-BF4B-00C04F79EFBC}") = "CloudMedics.API.Test", "test\CloudMedics.API.Test\CloudMedics.API.Test.csproj", "{A7DAF7C0-255E-48E1-BE69-B5BE3A1D4A18}"
EndProject
Project("{2150E333-8FDC-42A3-9474-1A3956D46DE8}") = "data", "data", "{2C8FC276-D793-4ECA-AD39-5D5DC8C9DD68}"
EndProject
Project("{FAE04EC0-301F-11D3-BF4B-00C04F79EFBC}") = "CloudMedics.Data.Mock", "src\data\CloudMedics.Data.Mock\CloudMedics.Data.Mock.csproj", "{01E3840F-5ECA-4C96-8472-D9188679C06C}"
EndProject
Project("{2150E333-8FDC-42A3-9474-1A3956D46DE8}") = "Infrastructure", "Infrastructure", "{19BD8402-B6E6-4595-BF10-553D6BDE4976}"
EndProject
Project("{FAE04EC0-301F-11D3-BF4B-00C04F79EFBC}") = "CloudMedics.Infrastructure", "src\CloudMedics.Infrastructure\CloudMedics.Infrastructure.csproj", "{2007357F-C8D6-461F-9304-FDCBED4D0035}"
EndProject
Global
	GlobalSection(SolutionConfigurationPlatforms) = preSolution
		Debug|Any CPU = Debug|Any CPU
		Release|Any CPU = Release|Any CPU
	EndGlobalSection
	GlobalSection(ProjectConfigurationPlatforms) = postSolution
		{A45BEA3F-412F-47C3-AD90-D6FEA876620F}.Debug|Any CPU.ActiveCfg = Debug|Any CPU
		{A45BEA3F-412F-47C3-AD90-D6FEA876620F}.Debug|Any CPU.Build.0 = Debug|Any CPU
		{A45BEA3F-412F-47C3-AD90-D6FEA876620F}.Release|Any CPU.ActiveCfg = Release|Any CPU
		{A45BEA3F-412F-47C3-AD90-D6FEA876620F}.Release|Any CPU.Build.0 = Release|Any CPU
		{0AF45208-E02A-4437-9CB1-266C291266C1}.Debug|Any CPU.ActiveCfg = Debug|Any CPU
		{0AF45208-E02A-4437-9CB1-266C291266C1}.Debug|Any CPU.Build.0 = Debug|Any CPU
		{0AF45208-E02A-4437-9CB1-266C291266C1}.Release|Any CPU.ActiveCfg = Release|Any CPU
		{0AF45208-E02A-4437-9CB1-266C291266C1}.Release|Any CPU.Build.0 = Release|Any CPU
		{6AAA8951-CDEC-4A11-B517-1C6ABAAFA799}.Debug|Any CPU.ActiveCfg = Debug|Any CPU
		{6AAA8951-CDEC-4A11-B517-1C6ABAAFA799}.Debug|Any CPU.Build.0 = Debug|Any CPU
		{6AAA8951-CDEC-4A11-B517-1C6ABAAFA799}.Release|Any CPU.ActiveCfg = Release|Any CPU
		{6AAA8951-CDEC-4A11-B517-1C6ABAAFA799}.Release|Any CPU.Build.0 = Release|Any CPU
		{D0D8F370-B45F-4EAD-BE56-F03AA9F22BA9}.Debug|Any CPU.ActiveCfg = Debug|Any CPU
		{D0D8F370-B45F-4EAD-BE56-F03AA9F22BA9}.Debug|Any CPU.Build.0 = Debug|Any CPU
		{D0D8F370-B45F-4EAD-BE56-F03AA9F22BA9}.Release|Any CPU.ActiveCfg = Release|Any CPU
		{D0D8F370-B45F-4EAD-BE56-F03AA9F22BA9}.Release|Any CPU.Build.0 = Release|Any CPU
		{A7DAF7C0-255E-48E1-BE69-B5BE3A1D4A18}.Debug|Any CPU.ActiveCfg = Debug|Any CPU
		{A7DAF7C0-255E-48E1-BE69-B5BE3A1D4A18}.Debug|Any CPU.Build.0 = Debug|Any CPU
		{A7DAF7C0-255E-48E1-BE69-B5BE3A1D4A18}.Release|Any CPU.ActiveCfg = Release|Any CPU
		{A7DAF7C0-255E-48E1-BE69-B5BE3A1D4A18}.Release|Any CPU.Build.0 = Release|Any CPU
		{01E3840F-5ECA-4C96-8472-D9188679C06C}.Debug|Any CPU.ActiveCfg = Debug|Any CPU
		{01E3840F-5ECA-4C96-8472-D9188679C06C}.Debug|Any CPU.Build.0 = Debug|Any CPU
		{01E3840F-5ECA-4C96-8472-D9188679C06C}.Release|Any CPU.ActiveCfg = Release|Any CPU
		{01E3840F-5ECA-4C96-8472-D9188679C06C}.Release|Any CPU.Build.0 = Release|Any CPU
		{2007357F-C8D6-461F-9304-FDCBED4D0035}.Debug|Any CPU.ActiveCfg = Debug|Any CPU
		{2007357F-C8D6-461F-9304-FDCBED4D0035}.Debug|Any CPU.Build.0 = Debug|Any CPU
		{2007357F-C8D6-461F-9304-FDCBED4D0035}.Release|Any CPU.ActiveCfg = Release|Any CPU
		{2007357F-C8D6-461F-9304-FDCBED4D0035}.Release|Any CPU.Build.0 = Release|Any CPU
	EndGlobalSection
	GlobalSection(NestedProjects) = preSolution
		{A7DAF7C0-255E-48E1-BE69-B5BE3A1D4A18} = {91B1CA94-FFAB-43EC-9714-B4E740BEC25D}
		{D0D8F370-B45F-4EAD-BE56-F03AA9F22BA9} = {2C8FC276-D793-4ECA-AD39-5D5DC8C9DD68}
		{01E3840F-5ECA-4C96-8472-D9188679C06C} = {2C8FC276-D793-4ECA-AD39-5D5DC8C9DD68}
		{2007357F-C8D6-461F-9304-FDCBED4D0035} = {19BD8402-B6E6-4595-BF10-553D6BDE4976}
	EndGlobalSection
EndGlobal
